// !$*UTF8*$!
{
	archiveVersion = 1;
	classes = {
	};
	objectVersion = 55;
	objects = {

/* Begin PBXBuildFile section */
		15DB53AB27A0C3E500AF5A3B /* chatGroupApp.swift in Sources */ = {isa = PBXBuildFile; fileRef = 15DB53AA27A0C3E500AF5A3B /* chatGroupApp.swift */; };
		15DB53AD27A0C3E500AF5A3B /* ContentView.swift in Sources */ = {isa = PBXBuildFile; fileRef = 15DB53AC27A0C3E500AF5A3B /* ContentView.swift */; };
		15DB53AF27A0C3E600AF5A3B /* Assets.xcassets in Resources */ = {isa = PBXBuildFile; fileRef = 15DB53AE27A0C3E600AF5A3B /* Assets.xcassets */; };
		15DB53B227A0C3E600AF5A3B /* Preview Assets.xcassets in Resources */ = {isa = PBXBuildFile; fileRef = 15DB53B127A0C3E600AF5A3B /* Preview Assets.xcassets */; };
		15DB53C827A0C62900AF5A3B /* ChatList.swift in Sources */ = {isa = PBXBuildFile; fileRef = 15DB53C227A0C62900AF5A3B /* ChatList.swift */; };
		15DB53CA27A0C62900AF5A3B /* ChatView.swift in Sources */ = {isa = PBXBuildFile; fileRef = 15DB53C427A0C62900AF5A3B /* ChatView.swift */; };
		15DB53CB27A0C62900AF5A3B /* TextEditorMessage.swift in Sources */ = {isa = PBXBuildFile; fileRef = 15DB53C527A0C62900AF5A3B /* TextEditorMessage.swift */; };
		15DB53CD27A0C62900AF5A3B /* BubblePosition.swift in Sources */ = {isa = PBXBuildFile; fileRef = 15DB53C727A0C62900AF5A3B /* BubblePosition.swift */; };
		15DB53D027A0C6E800AF5A3B /* ChatListViewModel.swift in Sources */ = {isa = PBXBuildFile; fileRef = 15DB53CE27A0C6E800AF5A3B /* ChatListViewModel.swift */; };
		15DB53D127A0C6E800AF5A3B /* ChatViewModel.swift in Sources */ = {isa = PBXBuildFile; fileRef = 15DB53CF27A0C6E800AF5A3B /* ChatViewModel.swift */; };
		15DB53D327A1F77200AF5A3B /* GoogleService-Info.plist in Resources */ = {isa = PBXBuildFile; fileRef = 15DB53D227A1F77200AF5A3B /* GoogleService-Info.plist */; };
		15DB53D627A1F85800AF5A3B /* FirebaseFirestore in Frameworks */ = {isa = PBXBuildFile; productRef = 15DB53D527A1F85800AF5A3B /* FirebaseFirestore */; };
		15DB53D827A1F85800AF5A3B /* FirebaseFirestoreSwift-Beta in Frameworks */ = {isa = PBXBuildFile; productRef = 15DB53D727A1F85800AF5A3B /* FirebaseFirestoreSwift-Beta */; };
		15DB53DA27A1FD7D00AF5A3B /* Message.swift in Sources */ = {isa = PBXBuildFile; fileRef = 15DB53D927A1FD7D00AF5A3B /* Message.swift */; };
		15DB53DC27A205E600AF5A3B /* ChatRepository.swift in Sources */ = {isa = PBXBuildFile; fileRef = 15DB53DB27A205E600AF5A3B /* ChatRepository.swift */; };
/* End PBXBuildFile section */

/* Begin PBXFileReference section */
		15DB53A727A0C3E500AF5A3B /* chatGroup.app */ = {isa = PBXFileReference; explicitFileType = wrapper.application; includeInIndex = 0; path = chatGroup.app; sourceTree = BUILT_PRODUCTS_DIR; };
		15DB53AA27A0C3E500AF5A3B /* chatGroupApp.swift */ = {isa = PBXFileReference; lastKnownFileType = sourcecode.swift; path = chatGroupApp.swift; sourceTree = "<group>"; };
		15DB53AC27A0C3E500AF5A3B /* ContentView.swift */ = {isa = PBXFileReference; lastKnownFileType = sourcecode.swift; path = ContentView.swift; sourceTree = "<group>"; };
		15DB53AE27A0C3E600AF5A3B /* Assets.xcassets */ = {isa = PBXFileReference; lastKnownFileType = folder.assetcatalog; path = Assets.xcassets; sourceTree = "<group>"; };
		15DB53B127A0C3E600AF5A3B /* Preview Assets.xcassets */ = {isa = PBXFileReference; lastKnownFileType = folder.assetcatalog; path = "Preview Assets.xcassets"; sourceTree = "<group>"; };
		15DB53C227A0C62900AF5A3B /* ChatList.swift */ = {isa = PBXFileReference; fileEncoding = 4; lastKnownFileType = sourcecode.swift; path = ChatList.swift; sourceTree = "<group>"; };
		15DB53C427A0C62900AF5A3B /* ChatView.swift */ = {isa = PBXFileReference; fileEncoding = 4; lastKnownFileType = sourcecode.swift; path = ChatView.swift; sourceTree = "<group>"; };
		15DB53C527A0C62900AF5A3B /* TextEditorMessage.swift */ = {isa = PBXFileReference; fileEncoding = 4; lastKnownFileType = sourcecode.swift; path = TextEditorMessage.swift; sourceTree = "<group>"; };
		15DB53C727A0C62900AF5A3B /* BubblePosition.swift */ = {isa = PBXFileReference; fileEncoding = 4; lastKnownFileType = sourcecode.swift; path = BubblePosition.swift; sourceTree = "<group>"; };
		15DB53CE27A0C6E800AF5A3B /* ChatListViewModel.swift */ = {isa = PBXFileReference; fileEncoding = 4; lastKnownFileType = sourcecode.swift; path = ChatListViewModel.swift; sourceTree = "<group>"; };
		15DB53CF27A0C6E800AF5A3B /* ChatViewModel.swift */ = {isa = PBXFileReference; fileEncoding = 4; lastKnownFileType = sourcecode.swift; path = ChatViewModel.swift; sourceTree = "<group>"; };
		15DB53D227A1F77200AF5A3B /* GoogleService-Info.plist */ = {isa = PBXFileReference; fileEncoding = 4; lastKnownFileType = text.plist.xml; path = "GoogleService-Info.plist"; sourceTree = "<group>"; };
		15DB53D927A1FD7D00AF5A3B /* Message.swift */ = {isa = PBXFileReference; lastKnownFileType = sourcecode.swift; path = Message.swift; sourceTree = "<group>"; };
		15DB53DB27A205E600AF5A3B /* ChatRepository.swift */ = {isa = PBXFileReference; fileEncoding = 4; lastKnownFileType = sourcecode.swift; path = ChatRepository.swift; sourceTree = "<group>"; };
/* End PBXFileReference section */

/* Begin PBXFrameworksBuildPhase section */
		15DB53A427A0C3E500AF5A3B /* Frameworks */ = {
			isa = PBXFrameworksBuildPhase;
			buildActionMask = 2147483647;
			files = (
				15DB53D627A1F85800AF5A3B /* FirebaseFirestore in Frameworks */,
				15DB53D827A1F85800AF5A3B /* FirebaseFirestoreSwift-Beta in Frameworks */,
			);
			runOnlyForDeploymentPostprocessing = 0;
		};
/* End PBXFrameworksBuildPhase section */

/* Begin PBXGroup section */
		15DB539E27A0C3E500AF5A3B = {
			isa = PBXGroup;
			children = (
				15DB53A927A0C3E500AF5A3B /* chatGroup */,
				15DB53A827A0C3E500AF5A3B /* Products */,
			);
			sourceTree = "<group>";
		};
		15DB53A827A0C3E500AF5A3B /* Products */ = {
			isa = PBXGroup;
			children = (
				15DB53A727A0C3E500AF5A3B /* chatGroup.app */,
			);
			name = Products;
			sourceTree = "<group>";
		};
		15DB53A927A0C3E500AF5A3B /* chatGroup */ = {
			isa = PBXGroup;
			children = (
				15DB53DD27A21E8900AF5A3B /* Enums */,
				15DB53D227A1F77200AF5A3B /* GoogleService-Info.plist */,
				15DB53B827A0C47900AF5A3B /* Views */,
				15DB53BB27A0C4B400AF5A3B /* Models */,
				15DB53BA27A0C4A800AF5A3B /* Repositories */,
				15DB53B927A0C49C00AF5A3B /* ViewModels */,
				15DB53AA27A0C3E500AF5A3B /* chatGroupApp.swift */,
				15DB53AC27A0C3E500AF5A3B /* ContentView.swift */,
				15DB53AE27A0C3E600AF5A3B /* Assets.xcassets */,
				15DB53B027A0C3E600AF5A3B /* Preview Content */,
			);
			path = chatGroup;
			sourceTree = "<group>";
		};
		15DB53B027A0C3E600AF5A3B /* Preview Content */ = {
			isa = PBXGroup;
			children = (
				15DB53B127A0C3E600AF5A3B /* Preview Assets.xcassets */,
			);
			path = "Preview Content";
			sourceTree = "<group>";
		};
		15DB53B827A0C47900AF5A3B /* Views */ = {
			isa = PBXGroup;
			children = (
				15DB53C227A0C62900AF5A3B /* ChatList.swift */,
				15DB53C427A0C62900AF5A3B /* ChatView.swift */,
				15DB53C527A0C62900AF5A3B /* TextEditorMessage.swift */,
			);
			path = Views;
			sourceTree = "<group>";
		};
		15DB53B927A0C49C00AF5A3B /* ViewModels */ = {
			isa = PBXGroup;
			children = (
				15DB53CE27A0C6E800AF5A3B /* ChatListViewModel.swift */,
				15DB53CF27A0C6E800AF5A3B /* ChatViewModel.swift */,
			);
			path = ViewModels;
			sourceTree = "<group>";
		};
		15DB53BA27A0C4A800AF5A3B /* Repositories */ = {
			isa = PBXGroup;
			children = (
				15DB53DB27A205E600AF5A3B /* ChatRepository.swift */,
			);
			path = Repositories;
			sourceTree = "<group>";
		};
		15DB53BB27A0C4B400AF5A3B /* Models */ = {
			isa = PBXGroup;
			children = (
				15DB53D927A1FD7D00AF5A3B /* Message.swift */,
			);
			path = Models;
			sourceTree = "<group>";
		};
		15DB53DD27A21E8900AF5A3B /* Enums */ = {
			isa = PBXGroup;
			children = (
				15DB53C727A0C62900AF5A3B /* BubblePosition.swift */,
			);
			path = Enums;
			sourceTree = "<group>";
		};
/* End PBXGroup section */

/* Begin PBXNativeTarget section */
		15DB53A627A0C3E500AF5A3B /* chatGroup */ = {
			isa = PBXNativeTarget;
			buildConfigurationList = 15DB53B527A0C3E600AF5A3B /* Build configuration list for PBXNativeTarget "chatGroup" */;
			buildPhases = (
				15DB53A327A0C3E500AF5A3B /* Sources */,
				15DB53A427A0C3E500AF5A3B /* Frameworks */,
				15DB53A527A0C3E500AF5A3B /* Resources */,
			);
			buildRules = (
			);
			dependencies = (
			);
			name = chatGroup;
			packageProductDependencies = (
				15DB53D527A1F85800AF5A3B /* FirebaseFirestore */,
				15DB53D727A1F85800AF5A3B /* FirebaseFirestoreSwift-Beta */,
			);
			productName = chatGroup;
			productReference = 15DB53A727A0C3E500AF5A3B /* chatGroup.app */;
			productType = "com.apple.product-type.application";
		};
/* End PBXNativeTarget section */

/* Begin PBXProject section */
		15DB539F27A0C3E500AF5A3B /* Project object */ = {
			isa = PBXProject;
			attributes = {
				BuildIndependentTargetsInParallel = 1;
				LastSwiftUpdateCheck = 1320;
				LastUpgradeCheck = 1320;
				TargetAttributes = {
					15DB53A627A0C3E500AF5A3B = {
						CreatedOnToolsVersion = 13.2.1;
					};
				};
			};
			buildConfigurationList = 15DB53A227A0C3E500AF5A3B /* Build configuration list for PBXProject "chatGroup" */;
			compatibilityVersion = "Xcode 13.0";
			developmentRegion = en;
			hasScannedForEncodings = 0;
			knownRegions = (
				en,
				Base,
			);
			mainGroup = 15DB539E27A0C3E500AF5A3B;
			packageReferences = (
				15DB53D427A1F85800AF5A3B /* XCRemoteSwiftPackageReference "firebase-ios-sdk" */,
			);
			productRefGroup = 15DB53A827A0C3E500AF5A3B /* Products */;
			projectDirPath = "";
			projectRoot = "";
			targets = (
				15DB53A627A0C3E500AF5A3B /* chatGroup */,
			);
		};
/* End PBXProject section */

/* Begin PBXResourcesBuildPhase section */
		15DB53A527A0C3E500AF5A3B /* Resources */ = {
			isa = PBXResourcesBuildPhase;
			buildActionMask = 2147483647;
			files = (
				15DB53B227A0C3E600AF5A3B /* Preview Assets.xcassets in Resources */,
				15DB53AF27A0C3E600AF5A3B /* Assets.xcassets in Resources */,
				15DB53D327A1F77200AF5A3B /* GoogleService-Info.plist in Resources */,
			);
			runOnlyForDeploymentPostprocessing = 0;
		};
/* End PBXResourcesBuildPhase section */

/* Begin PBXSourcesBuildPhase section */
		15DB53A327A0C3E500AF5A3B /* Sources */ = {
			isa = PBXSourcesBuildPhase;
			buildActionMask = 2147483647;
			files = (
				15DB53C827A0C62900AF5A3B /* ChatList.swift in Sources */,
				15DB53DC27A205E600AF5A3B /* ChatRepository.swift in Sources */,
				15DB53CD27A0C62900AF5A3B /* BubblePosition.swift in Sources */,
				15DB53AD27A0C3E500AF5A3B /* ContentView.swift in Sources */,
				15DB53D027A0C6E800AF5A3B /* ChatListViewModel.swift in Sources */,
				15DB53CB27A0C62900AF5A3B /* TextEditorMessage.swift in Sources */,
				15DB53CA27A0C62900AF5A3B /* ChatView.swift in Sources */,
				15DB53DA27A1FD7D00AF5A3B /* Message.swift in Sources */,
				15DB53D127A0C6E800AF5A3B /* ChatViewModel.swift in Sources */,
				15DB53AB27A0C3E500AF5A3B /* chatGroupApp.swift in Sources */,
			);
			runOnlyForDeploymentPostprocessing = 0;
		};
/* End PBXSourcesBuildPhase section */

/* Begin XCBuildConfiguration section */
		15DB53B327A0C3E600AF5A3B /* Debug */ = {
			isa = XCBuildConfiguration;
			buildSettings = {
				ALWAYS_SEARCH_USER_PATHS = NO;
				CLANG_ANALYZER_NONNULL = YES;
				CLANG_ANALYZER_NUMBER_OBJECT_CONVERSION = YES_AGGRESSIVE;
				CLANG_CXX_LANGUAGE_STANDARD = "gnu++17";
				CLANG_CXX_LIBRARY = "libc++";
				CLANG_ENABLE_MODULES = YES;
				CLANG_ENABLE_OBJC_ARC = YES;
				CLANG_ENABLE_OBJC_WEAK = YES;
				CLANG_WARN_BLOCK_CAPTURE_AUTORELEASING = YES;
				CLANG_WARN_BOOL_CONVERSION = YES;
				CLANG_WARN_COMMA = YES;
				CLANG_WARN_CONSTANT_CONVERSION = YES;
				CLANG_WARN_DEPRECATED_OBJC_IMPLEMENTATIONS = YES;
				CLANG_WARN_DIRECT_OBJC_ISA_USAGE = YES_ERROR;
				CLANG_WARN_DOCUMENTATION_COMMENTS = YES;
				CLANG_WARN_EMPTY_BODY = YES;
				CLANG_WARN_ENUM_CONVERSION = YES;
				CLANG_WARN_INFINITE_RECURSION = YES;
				CLANG_WARN_INT_CONVERSION = YES;
				CLANG_WARN_NON_LITERAL_NULL_CONVERSION = YES;
				CLANG_WARN_OBJC_IMPLICIT_RETAIN_SELF = YES;
				CLANG_WARN_OBJC_LITERAL_CONVERSION = YES;
				CLANG_WARN_OBJC_ROOT_CLASS = YES_ERROR;
				CLANG_WARN_QUOTED_INCLUDE_IN_FRAMEWORK_HEADER = YES;
				CLANG_WARN_RANGE_LOOP_ANALYSIS = YES;
				CLANG_WARN_STRICT_PROTOTYPES = YES;
				CLANG_WARN_SUSPICIOUS_MOVE = YES;
				CLANG_WARN_UNGUARDED_AVAILABILITY = YES_AGGRESSIVE;
				CLANG_WARN_UNREACHABLE_CODE = YES;
				CLANG_WARN__DUPLICATE_METHOD_MATCH = YES;
				COPY_PHASE_STRIP = NO;
				DEBUG_INFORMATION_FORMAT = dwarf;
				ENABLE_STRICT_OBJC_MSGSEND = YES;
				ENABLE_TESTABILITY = YES;
				GCC_C_LANGUAGE_STANDARD = gnu11;
				GCC_DYNAMIC_NO_PIC = NO;
				GCC_NO_COMMON_BLOCKS = YES;
				GCC_OPTIMIZATION_LEVEL = 0;
				GCC_PREPROCESSOR_DEFINITIONS = (
					"DEBUG=1",
					"$(inherited)",
				);
				GCC_WARN_64_TO_32_BIT_CONVERSION = YES;
				GCC_WARN_ABOUT_RETURN_TYPE = YES_ERROR;
				GCC_WARN_UNDECLARED_SELECTOR = YES;
				GCC_WARN_UNINITIALIZED_AUTOS = YES_AGGRESSIVE;
				GCC_WARN_UNUSED_FUNCTION = YES;
				GCC_WARN_UNUSED_VARIABLE = YES;
				IPHONEOS_DEPLOYMENT_TARGET = 15.1;
				MTL_ENABLE_DEBUG_INFO = INCLUDE_SOURCE;
				MTL_FAST_MATH = YES;
				ONLY_ACTIVE_ARCH = YES;
				SDKROOT = iphoneos;
				SWIFT_ACTIVE_COMPILATION_CONDITIONS = DEBUG;
				SWIFT_OPTIMIZATION_LEVEL = "-Onone";
			};
			name = Debug;
		};
		15DB53B427A0C3E600AF5A3B /* Release */ = {
			isa = XCBuildConfiguration;
			buildSettings = {
				ALWAYS_SEARCH_USER_PATHS = NO;
				CLANG_ANALYZER_NONNULL = YES;
				CLANG_ANALYZER_NUMBER_OBJECT_CONVERSION = YES_AGGRESSIVE;
				CLANG_CXX_LANGUAGE_STANDARD = "gnu++17";
				CLANG_CXX_LIBRARY = "libc++";
				CLANG_ENABLE_MODULES = YES;
				CLANG_ENABLE_OBJC_ARC = YES;
				CLANG_ENABLE_OBJC_WEAK = YES;
				CLANG_WARN_BLOCK_CAPTURE_AUTORELEASING = YES;
				CLANG_WARN_BOOL_CONVERSION = YES;
				CLANG_WARN_COMMA = YES;
				CLANG_WARN_CONSTANT_CONVERSION = YES;
				CLANG_WARN_DEPRECATED_OBJC_IMPLEMENTATIONS = YES;
				CLANG_WARN_DIRECT_OBJC_ISA_USAGE = YES_ERROR;
				CLANG_WARN_DOCUMENTATION_COMMENTS = YES;
				CLANG_WARN_EMPTY_BODY = YES;
				CLANG_WARN_ENUM_CONVERSION = YES;
				CLANG_WARN_INFINITE_RECURSION = YES;
				CLANG_WARN_INT_CONVERSION = YES;
				CLANG_WARN_NON_LITERAL_NULL_CONVERSION = YES;
				CLANG_WARN_OBJC_IMPLICIT_RETAIN_SELF = YES;
				CLANG_WARN_OBJC_LITERAL_CONVERSION = YES;
				CLANG_WARN_OBJC_ROOT_CLASS = YES_ERROR;
				CLANG_WARN_QUOTED_INCLUDE_IN_FRAMEWORK_HEADER = YES;
				CLANG_WARN_RANGE_LOOP_ANALYSIS = YES;
				CLANG_WARN_STRICT_PROTOTYPES = YES;
				CLANG_WARN_SUSPICIOUS_MOVE = YES;
				CLANG_WARN_UNGUARDED_AVAILABILITY = YES_AGGRESSIVE;
				CLANG_WARN_UNREACHABLE_CODE = YES;
				CLANG_WARN__DUPLICATE_METHOD_MATCH = YES;
				COPY_PHASE_STRIP = NO;
				DEBUG_INFORMATION_FORMAT = "dwarf-with-dsym";
				ENABLE_NS_ASSERTIONS = NO;
				ENABLE_STRICT_OBJC_MSGSEND = YES;
				GCC_C_LANGUAGE_STANDARD = gnu11;
				GCC_NO_COMMON_BLOCKS = YES;
				GCC_WARN_64_TO_32_BIT_CONVERSION = YES;
				GCC_WARN_ABOUT_RETURN_TYPE = YES_ERROR;
				GCC_WARN_UNDECLARED_SELECTOR = YES;
				GCC_WARN_UNINITIALIZED_AUTOS = YES_AGGRESSIVE;
				GCC_WARN_UNUSED_FUNCTION = YES;
				GCC_WARN_UNUSED_VARIABLE = YES;
				IPHONEOS_DEPLOYMENT_TARGET = 15.1;
				MTL_ENABLE_DEBUG_INFO = NO;
				MTL_FAST_MATH = YES;
				SDKROOT = iphoneos;
				SWIFT_COMPILATION_MODE = wholemodule;
				SWIFT_OPTIMIZATION_LEVEL = "-O";
				VALIDATE_PRODUCT = YES;
			};
			name = Release;
		};
		15DB53B627A0C3E600AF5A3B /* Debug */ = {
			isa = XCBuildConfiguration;
			buildSettings = {
				ASSETCATALOG_COMPILER_APPICON_NAME = AppIcon;
				ASSETCATALOG_COMPILER_GLOBAL_ACCENT_COLOR_NAME = AccentColor;
				CODE_SIGN_STYLE = Automatic;
				CURRENT_PROJECT_VERSION = 1;
				DEVELOPMENT_ASSET_PATHS = "\"chatGroup/Preview Content\"";
				DEVELOPMENT_TEAM = 6GT48H2N7Q;
				ENABLE_PREVIEWS = YES;
				GENERATE_INFOPLIST_FILE = YES;
				INFOPLIST_KEY_UIApplicationSceneManifest_Generation = YES;
				INFOPLIST_KEY_UIApplicationSupportsIndirectInputEvents = YES;
				INFOPLIST_KEY_UILaunchScreen_Generation = YES;
				INFOPLIST_KEY_UISupportedInterfaceOrientations_iPad = "UIInterfaceOrientationPortrait UIInterfaceOrientationPortraitUpsideDown UIInterfaceOrientationLandscapeLeft UIInterfaceOrientationLandscapeRight";
				INFOPLIST_KEY_UISupportedInterfaceOrientations_iPhone = "UIInterfaceOrientationPortrait UIInterfaceOrientationLandscapeLeft UIInterfaceOrientationLandscapeRight";
				LD_RUNPATH_SEARCH_PATHS = (
					"$(inherited)",
					"@executable_path/Frameworks",
				);
				MARKETING_VERSION = 1.0;
				PRODUCT_BUNDLE_IDENTIFIER = fr.rkharsa.chatGroup;
				PRODUCT_NAME = "$(TARGET_NAME)";
				SWIFT_EMIT_LOC_STRINGS = YES;
				SWIFT_VERSION = 5.0;
				TARGETED_DEVICE_FAMILY = "1,2";
			};
			name = Debug;
		};
		15DB53B727A0C3E600AF5A3B /* Release */ = {
			isa = XCBuildConfiguration;
			buildSettings = {
				ASSETCATALOG_COMPILER_APPICON_NAME = AppIcon;
				ASSETCATALOG_COMPILER_GLOBAL_ACCENT_COLOR_NAME = AccentColor;
				CODE_SIGN_STYLE = Automatic;
				CURRENT_PROJECT_VERSION = 1;
				DEVELOPMENT_ASSET_PATHS = "\"chatGroup/Preview Content\"";
				DEVELOPMENT_TEAM = 6GT48H2N7Q;
				ENABLE_PREVIEWS = YES;
				GENERATE_INFOPLIST_FILE = YES;
				INFOPLIST_KEY_UIApplicationSceneManifest_Generation = YES;
				INFOPLIST_KEY_UIApplicationSupportsIndirectInputEvents = YES;
				INFOPLIST_KEY_UILaunchScreen_Generation = YES;
				INFOPLIST_KEY_UISupportedInterfaceOrientations_iPad = "UIInterfaceOrientationPortrait UIInterfaceOrientationPortraitUpsideDown UIInterfaceOrientationLandscapeLeft UIInterfaceOrientationLandscapeRight";
				INFOPLIST_KEY_UISupportedInterfaceOrientations_iPhone = "UIInterfaceOrientationPortrait UIInterfaceOrientationLandscapeLeft UIInterfaceOrientationLandscapeRight";
				LD_RUNPATH_SEARCH_PATHS = (
					"$(inherited)",
					"@executable_path/Frameworks",
				);
				MARKETING_VERSION = 1.0;
				PRODUCT_BUNDLE_IDENTIFIER = fr.rkharsa.chatGroup;
				PRODUCT_NAME = "$(TARGET_NAME)";
				SWIFT_EMIT_LOC_STRINGS = YES;
				SWIFT_VERSION = 5.0;
				TARGETED_DEVICE_FAMILY = "1,2";
			};
			name = Release;
		};
/* End XCBuildConfiguration section */

/* Begin XCConfigurationList section */
		15DB53A227A0C3E500AF5A3B /* Build configuration list for PBXProject "chatGroup" */ = {
			isa = XCConfigurationList;
			buildConfigurations = (
				15DB53B327A0C3E600AF5A3B /* Debug */,
				15DB53B427A0C3E600AF5A3B /* Release */,
			);
			defaultConfigurationIsVisible = 0;
			defaultConfigurationName = Release;
		};
		15DB53B527A0C3E600AF5A3B /* Build configuration list for PBXNativeTarget "chatGroup" */ = {
			isa = XCConfigurationList;
			buildConfigurations = (
				15DB53B627A0C3E600AF5A3B /* Debug */,
				15DB53B727A0C3E600AF5A3B /* Release */,
			);
			defaultConfigurationIsVisible = 0;
			defaultConfigurationName = Release;
		};
/* End XCConfigurationList section */

/* Begin XCRemoteSwiftPackageReference section */
		15DB53D427A1F85800AF5A3B /* XCRemoteSwiftPackageReference "firebase-ios-sdk" */ = {
			isa = XCRemoteSwiftPackageReference;
			repositoryURL = "https://github.com/firebase/firebase-ios-sdk.git";
			requirement = {
				branch = master;
				kind = branch;
			};
		};
/* End XCRemoteSwiftPackageReference section */

/* Begin XCSwiftPackageProductDependency section */
		15DB53D527A1F85800AF5A3B /* FirebaseFirestore */ = {
			isa = XCSwiftPackageProductDependency;
			package = 15DB53D427A1F85800AF5A3B /* XCRemoteSwiftPackageReference "firebase-ios-sdk" */;
			productName = FirebaseFirestore;
		};
		15DB53D727A1F85800AF5A3B /* FirebaseFirestoreSwift-Beta */ = {
			isa = XCSwiftPackageProductDependency;
			package = 15DB53D427A1F85800AF5A3B /* XCRemoteSwiftPackageReference "firebase-ios-sdk" */;
			productName = "FirebaseFirestoreSwift-Beta";
		};
/* End XCSwiftPackageProductDependency section */
	};
	rootObject = 15DB539F27A0C3E500AF5A3B /* Project object */;
}
